// !$*UTF8*$!
{
	archiveVersion = 1;
	classes = {
	};
	objectVersion = 56;
	objects = {

/* Begin PBXBuildFile section */
		F13A4F442A86385000689EA6 /* RipeningData.swift in Sources */ = {isa = PBXBuildFile; fileRef = F13A4F432A86385000689EA6 /* RipeningData.swift */; };
		F13A4F462A86387F00689EA6 /* RipeningModel.swift in Sources */ = {isa = PBXBuildFile; fileRef = F13A4F452A86387F00689EA6 /* RipeningModel.swift */; };
		F13A4F482A8638E700689EA6 /* RipeningView.swift in Sources */ = {isa = PBXBuildFile; fileRef = F13A4F472A8638E700689EA6 /* RipeningView.swift */; };
		F1458D642A63F1F400860CD1 /* AvocadoApp.swift in Sources */ = {isa = PBXBuildFile; fileRef = F1458D632A63F1F400860CD1 /* AvocadoApp.swift */; };
		F1458D662A63F1F400860CD1 /* ContentView.swift in Sources */ = {isa = PBXBuildFile; fileRef = F1458D652A63F1F400860CD1 /* ContentView.swift */; };
		F1458D682A63F1F600860CD1 /* Assets.xcassets in Resources */ = {isa = PBXBuildFile; fileRef = F1458D672A63F1F600860CD1 /* Assets.xcassets */; };
		F1458D6B2A63F1F600860CD1 /* Preview Assets.xcassets in Resources */ = {isa = PBXBuildFile; fileRef = F1458D6A2A63F1F600860CD1 /* Preview Assets.xcassets */; };
		F1458D722A63FF1300860CD1 /* LaunchScreen.storyboard in Resources */ = {isa = PBXBuildFile; fileRef = F1458D712A63FF1300860CD1 /* LaunchScreen.storyboard */; };
		F1458D812A6401F600860CD1 /* AvocadoView.swift in Sources */ = {isa = PBXBuildFile; fileRef = F1458D802A6401F600860CD1 /* AvocadoView.swift */; };
		F1458D832A64021400860CD1 /* RipeningStagesView.swift in Sources */ = {isa = PBXBuildFile; fileRef = F1458D822A64021400860CD1 /* RipeningStagesView.swift */; };
		F1458D852A64022B00860CD1 /* SettingsView.swift in Sources */ = {isa = PBXBuildFile; fileRef = F1458D842A64022B00860CD1 /* SettingsView.swift */; };
		F1458D872A64023B00860CD1 /* AppView.swift in Sources */ = {isa = PBXBuildFile; fileRef = F1458D862A64023B00860CD1 /* AppView.swift */; };
		F165C9AD2A7679A300C25B6B /* DishesView.swift in Sources */ = {isa = PBXBuildFile; fileRef = F165C9AC2A7679A300C25B6B /* DishesView.swift */; };
		F165C9B02A767EA300C25B6B /* FactsView.swift in Sources */ = {isa = PBXBuildFile; fileRef = F165C9AF2A767EA300C25B6B /* FactsView.swift */; };
		F165C9B22A76815300C25B6B /* FactModel.swift in Sources */ = {isa = PBXBuildFile; fileRef = F165C9B12A76815300C25B6B /* FactModel.swift */; };
		F165C9B42A76816700C25B6B /* FactData.swift in Sources */ = {isa = PBXBuildFile; fileRef = F165C9B32A76816700C25B6B /* FactData.swift */; };
		F18D7D122A6D0C7400A0AC5C /* HeaderView.swift in Sources */ = {isa = PBXBuildFile; fileRef = F18D7D112A6D0C7400A0AC5C /* HeaderView.swift */; };
		F18D7D142A6D109900A0AC5C /* HeaderModel.swift in Sources */ = {isa = PBXBuildFile; fileRef = F18D7D132A6D109900A0AC5C /* HeaderModel.swift */; };
		F18D7D162A6D110C00A0AC5C /* HeaderData.swift in Sources */ = {isa = PBXBuildFile; fileRef = F18D7D152A6D110C00A0AC5C /* HeaderData.swift */; };
		F1F0D8402A7E4278004C05B7 /* RecipeModel.swift in Sources */ = {isa = PBXBuildFile; fileRef = F1F0D83F2A7E4278004C05B7 /* RecipeModel.swift */; };
		F1F0D8422A7E42A0004C05B7 /* RecipeData.swift in Sources */ = {isa = PBXBuildFile; fileRef = F1F0D8412A7E42A0004C05B7 /* RecipeData.swift */; };
		F1F0D8442A7E4429004C05B7 /* RecipeCardView.swift in Sources */ = {isa = PBXBuildFile; fileRef = F1F0D8432A7E4429004C05B7 /* RecipeCardView.swift */; };
		F1F0D8462A7E491A004C05B7 /* RecipeRatingView.swift in Sources */ = {isa = PBXBuildFile; fileRef = F1F0D8452A7E491A004C05B7 /* RecipeRatingView.swift */; };
		F1F0D8482A7E4989004C05B7 /* RecipeCookingView.swift in Sources */ = {isa = PBXBuildFile; fileRef = F1F0D8472A7E4989004C05B7 /* RecipeCookingView.swift */; };
		F1F0D84A2A7E49F0004C05B7 /* RecipeDetailView.swift in Sources */ = {isa = PBXBuildFile; fileRef = F1F0D8492A7E49F0004C05B7 /* RecipeDetailView.swift */; };
/* End PBXBuildFile section */

/* Begin PBXFileReference section */
		F13A4F432A86385000689EA6 /* RipeningData.swift */ = {isa = PBXFileReference; lastKnownFileType = sourcecode.swift; path = RipeningData.swift; sourceTree = "<group>"; };
		F13A4F452A86387F00689EA6 /* RipeningModel.swift */ = {isa = PBXFileReference; lastKnownFileType = sourcecode.swift; path = RipeningModel.swift; sourceTree = "<group>"; };
		F13A4F472A8638E700689EA6 /* RipeningView.swift */ = {isa = PBXFileReference; lastKnownFileType = sourcecode.swift; path = RipeningView.swift; sourceTree = "<group>"; };
		F1458D602A63F1F400860CD1 /* Avocado.app */ = {isa = PBXFileReference; explicitFileType = wrapper.application; includeInIndex = 0; path = Avocado.app; sourceTree = BUILT_PRODUCTS_DIR; };
		F1458D632A63F1F400860CD1 /* AvocadoApp.swift */ = {isa = PBXFileReference; lastKnownFileType = sourcecode.swift; path = AvocadoApp.swift; sourceTree = "<group>"; };
		F1458D652A63F1F400860CD1 /* ContentView.swift */ = {isa = PBXFileReference; lastKnownFileType = sourcecode.swift; path = ContentView.swift; sourceTree = "<group>"; };
		F1458D672A63F1F600860CD1 /* Assets.xcassets */ = {isa = PBXFileReference; lastKnownFileType = folder.assetcatalog; path = Assets.xcassets; sourceTree = "<group>"; };
		F1458D6A2A63F1F600860CD1 /* Preview Assets.xcassets */ = {isa = PBXFileReference; lastKnownFileType = folder.assetcatalog; path = "Preview Assets.xcassets"; sourceTree = "<group>"; };
		F1458D712A63FF1300860CD1 /* LaunchScreen.storyboard */ = {isa = PBXFileReference; lastKnownFileType = file.storyboard; path = LaunchScreen.storyboard; sourceTree = "<group>"; };
		F1458D802A6401F600860CD1 /* AvocadoView.swift */ = {isa = PBXFileReference; lastKnownFileType = sourcecode.swift; path = AvocadoView.swift; sourceTree = "<group>"; };
		F1458D822A64021400860CD1 /* RipeningStagesView.swift */ = {isa = PBXFileReference; lastKnownFileType = sourcecode.swift; path = RipeningStagesView.swift; sourceTree = "<group>"; };
		F1458D842A64022B00860CD1 /* SettingsView.swift */ = {isa = PBXFileReference; lastKnownFileType = sourcecode.swift; path = SettingsView.swift; sourceTree = "<group>"; };
		F1458D862A64023B00860CD1 /* AppView.swift */ = {isa = PBXFileReference; lastKnownFileType = sourcecode.swift; path = AppView.swift; sourceTree = "<group>"; };
		F165C9AC2A7679A300C25B6B /* DishesView.swift */ = {isa = PBXFileReference; lastKnownFileType = sourcecode.swift; path = DishesView.swift; sourceTree = "<group>"; };
		F165C9AF2A767EA300C25B6B /* FactsView.swift */ = {isa = PBXFileReference; lastKnownFileType = sourcecode.swift; path = FactsView.swift; sourceTree = "<group>"; };
		F165C9B12A76815300C25B6B /* FactModel.swift */ = {isa = PBXFileReference; lastKnownFileType = sourcecode.swift; path = FactModel.swift; sourceTree = "<group>"; };
		F165C9B32A76816700C25B6B /* FactData.swift */ = {isa = PBXFileReference; lastKnownFileType = sourcecode.swift; path = FactData.swift; sourceTree = "<group>"; };
		F18D7D112A6D0C7400A0AC5C /* HeaderView.swift */ = {isa = PBXFileReference; lastKnownFileType = sourcecode.swift; path = HeaderView.swift; sourceTree = "<group>"; };
		F18D7D132A6D109900A0AC5C /* HeaderModel.swift */ = {isa = PBXFileReference; lastKnownFileType = sourcecode.swift; path = HeaderModel.swift; sourceTree = "<group>"; };
		F18D7D152A6D110C00A0AC5C /* HeaderData.swift */ = {isa = PBXFileReference; lastKnownFileType = sourcecode.swift; path = HeaderData.swift; sourceTree = "<group>"; };
		F1F0D83F2A7E4278004C05B7 /* RecipeModel.swift */ = {isa = PBXFileReference; lastKnownFileType = sourcecode.swift; path = RecipeModel.swift; sourceTree = "<group>"; };
		F1F0D8412A7E42A0004C05B7 /* RecipeData.swift */ = {isa = PBXFileReference; lastKnownFileType = sourcecode.swift; path = RecipeData.swift; sourceTree = "<group>"; };
		F1F0D8432A7E4429004C05B7 /* RecipeCardView.swift */ = {isa = PBXFileReference; lastKnownFileType = sourcecode.swift; path = RecipeCardView.swift; sourceTree = "<group>"; };
		F1F0D8452A7E491A004C05B7 /* RecipeRatingView.swift */ = {isa = PBXFileReference; lastKnownFileType = sourcecode.swift; path = RecipeRatingView.swift; sourceTree = "<group>"; };
		F1F0D8472A7E4989004C05B7 /* RecipeCookingView.swift */ = {isa = PBXFileReference; lastKnownFileType = sourcecode.swift; path = RecipeCookingView.swift; sourceTree = "<group>"; };
		F1F0D8492A7E49F0004C05B7 /* RecipeDetailView.swift */ = {isa = PBXFileReference; lastKnownFileType = sourcecode.swift; path = RecipeDetailView.swift; sourceTree = "<group>"; };
/* End PBXFileReference section */

/* Begin PBXFrameworksBuildPhase section */
		F1458D5D2A63F1F400860CD1 /* Frameworks */ = {
			isa = PBXFrameworksBuildPhase;
			buildActionMask = 2147483647;
			files = (
			);
			runOnlyForDeploymentPostprocessing = 0;
		};
/* End PBXFrameworksBuildPhase section */

/* Begin PBXGroup section */
		F1458D572A63F1F400860CD1 = {
			isa = PBXGroup;
			children = (
				F1458D622A63F1F400860CD1 /* Avocado */,
				F1458D612A63F1F400860CD1 /* Products */,
			);
			sourceTree = "<group>";
		};
		F1458D612A63F1F400860CD1 /* Products */ = {
			isa = PBXGroup;
			children = (
				F1458D602A63F1F400860CD1 /* Avocado.app */,
			);
			name = Products;
			sourceTree = "<group>";
		};
		F1458D622A63F1F400860CD1 /* Avocado */ = {
			isa = PBXGroup;
			children = (
				F1458D7F2A64014400860CD1 /* View */,
				F1458D7E2A64014000860CD1 /* Model */,
				F1458D732A64012000860CD1 /* Data */,
				F1458D632A63F1F400860CD1 /* AvocadoApp.swift */,
				F1458D672A63F1F600860CD1 /* Assets.xcassets */,
				F1458D692A63F1F600860CD1 /* Preview Content */,
				F1458D712A63FF1300860CD1 /* LaunchScreen.storyboard */,
			);
			path = Avocado;
			sourceTree = "<group>";
		};
		F1458D692A63F1F600860CD1 /* Preview Content */ = {
			isa = PBXGroup;
			children = (
				F1458D6A2A63F1F600860CD1 /* Preview Assets.xcassets */,
			);
			path = "Preview Content";
			sourceTree = "<group>";
		};
		F1458D732A64012000860CD1 /* Data */ = {
			isa = PBXGroup;
			children = (
				F18D7D152A6D110C00A0AC5C /* HeaderData.swift */,
				F165C9B32A76816700C25B6B /* FactData.swift */,
				F1F0D8412A7E42A0004C05B7 /* RecipeData.swift */,
				F13A4F432A86385000689EA6 /* RipeningData.swift */,
			);
			path = Data;
			sourceTree = "<group>";
		};
		F1458D7E2A64014000860CD1 /* Model */ = {
			isa = PBXGroup;
			children = (
				F18D7D132A6D109900A0AC5C /* HeaderModel.swift */,
				F165C9B12A76815300C25B6B /* FactModel.swift */,
				F1F0D83F2A7E4278004C05B7 /* RecipeModel.swift */,
				F13A4F452A86387F00689EA6 /* RipeningModel.swift */,
			);
			path = Model;
			sourceTree = "<group>";
		};
		F1458D7F2A64014400860CD1 /* View */ = {
			isa = PBXGroup;
			children = (
				F165C9A92A76794C00C25B6B /* TabBarView */,
				F165C9AE2A767E6E00C25B6B /* CustomViews */,
			);
			path = View;
			sourceTree = "<group>";
		};
		F165C9A92A76794C00C25B6B /* TabBarView */ = {
			isa = PBXGroup;
			children = (
				F1458D862A64023B00860CD1 /* AppView.swift */,
				F1458D802A6401F600860CD1 /* AvocadoView.swift */,
				F1458D652A63F1F400860CD1 /* ContentView.swift */,
				F1458D822A64021400860CD1 /* RipeningStagesView.swift */,
				F1458D842A64022B00860CD1 /* SettingsView.swift */,
			);
			path = TabBarView;
			sourceTree = "<group>";
		};
		F165C9AE2A767E6E00C25B6B /* CustomViews */ = {
			isa = PBXGroup;
			children = (
				F18D7D112A6D0C7400A0AC5C /* HeaderView.swift */,
				F165C9AC2A7679A300C25B6B /* DishesView.swift */,
				F165C9AF2A767EA300C25B6B /* FactsView.swift */,
				F1F0D8432A7E4429004C05B7 /* RecipeCardView.swift */,
				F1F0D8452A7E491A004C05B7 /* RecipeRatingView.swift */,
				F1F0D8472A7E4989004C05B7 /* RecipeCookingView.swift */,
				F1F0D8492A7E49F0004C05B7 /* RecipeDetailView.swift */,
				F13A4F472A8638E700689EA6 /* RipeningView.swift */,
			);
			path = CustomViews;
			sourceTree = "<group>";
		};
/* End PBXGroup section */

/* Begin PBXNativeTarget section */
		F1458D5F2A63F1F400860CD1 /* Avocado */ = {
			isa = PBXNativeTarget;
			buildConfigurationList = F1458D6E2A63F1F600860CD1 /* Build configuration list for PBXNativeTarget "Avocado" */;
			buildPhases = (
				F1458D5C2A63F1F400860CD1 /* Sources */,
				F1458D5D2A63F1F400860CD1 /* Frameworks */,
				F1458D5E2A63F1F400860CD1 /* Resources */,
			);
			buildRules = (
			);
			dependencies = (
			);
			name = Avocado;
			productName = Avocado;
			productReference = F1458D602A63F1F400860CD1 /* Avocado.app */;
			productType = "com.apple.product-type.application";
		};
/* End PBXNativeTarget section */

/* Begin PBXProject section */
		F1458D582A63F1F400860CD1 /* Project object */ = {
			isa = PBXProject;
			attributes = {
				BuildIndependentTargetsInParallel = 1;
				LastSwiftUpdateCheck = 1430;
				LastUpgradeCheck = 1430;
				TargetAttributes = {
					F1458D5F2A63F1F400860CD1 = {
						CreatedOnToolsVersion = 14.3.1;
					};
				};
			};
			buildConfigurationList = F1458D5B2A63F1F400860CD1 /* Build configuration list for PBXProject "Avocado" */;
			compatibilityVersion = "Xcode 14.0";
			developmentRegion = en;
			hasScannedForEncodings = 0;
			knownRegions = (
				en,
				Base,
			);
			mainGroup = F1458D572A63F1F400860CD1;
			productRefGroup = F1458D612A63F1F400860CD1 /* Products */;
			projectDirPath = "";
			projectRoot = "";
			targets = (
				F1458D5F2A63F1F400860CD1 /* Avocado */,
			);
		};
/* End PBXProject section */

/* Begin PBXResourcesBuildPhase section */
		F1458D5E2A63F1F400860CD1 /* Resources */ = {
			isa = PBXResourcesBuildPhase;
			buildActionMask = 2147483647;
			files = (
				F1458D722A63FF1300860CD1 /* LaunchScreen.storyboard in Resources */,
				F1458D6B2A63F1F600860CD1 /* Preview Assets.xcassets in Resources */,
				F1458D682A63F1F600860CD1 /* Assets.xcassets in Resources */,
			);
			runOnlyForDeploymentPostprocessing = 0;
		};
/* End PBXResourcesBuildPhase section */

/* Begin PBXSourcesBuildPhase section */
		F1458D5C2A63F1F400860CD1 /* Sources */ = {
			isa = PBXSourcesBuildPhase;
			buildActionMask = 2147483647;
			files = (
				F1458D852A64022B00860CD1 /* SettingsView.swift in Sources */,
				F1F0D8462A7E491A004C05B7 /* RecipeRatingView.swift in Sources */,
				F13A4F482A8638E700689EA6 /* RipeningView.swift in Sources */,
				F13A4F462A86387F00689EA6 /* RipeningModel.swift in Sources */,
				F1458D662A63F1F400860CD1 /* ContentView.swift in Sources */,
				F1458D872A64023B00860CD1 /* AppView.swift in Sources */,
				F1458D832A64021400860CD1 /* RipeningStagesView.swift in Sources */,
				F1458D812A6401F600860CD1 /* AvocadoView.swift in Sources */,
				F1458D642A63F1F400860CD1 /* AvocadoApp.swift in Sources */,
				F18D7D142A6D109900A0AC5C /* HeaderModel.swift in Sources */,
				F1F0D8402A7E4278004C05B7 /* RecipeModel.swift in Sources */,
				F18D7D162A6D110C00A0AC5C /* HeaderData.swift in Sources */,
				F165C9AD2A7679A300C25B6B /* DishesView.swift in Sources */,
				F1F0D8482A7E4989004C05B7 /* RecipeCookingView.swift in Sources */,
				F165C9B22A76815300C25B6B /* FactModel.swift in Sources */,
				F165C9B02A767EA300C25B6B /* FactsView.swift in Sources */,
				F1F0D8442A7E4429004C05B7 /* RecipeCardView.swift in Sources */,
				F1F0D8422A7E42A0004C05B7 /* RecipeData.swift in Sources */,
				F18D7D122A6D0C7400A0AC5C /* HeaderView.swift in Sources */,
				F1F0D84A2A7E49F0004C05B7 /* RecipeDetailView.swift in Sources */,
				F165C9B42A76816700C25B6B /* FactData.swift in Sources */,
				F13A4F442A86385000689EA6 /* RipeningData.swift in Sources */,
			);
			runOnlyForDeploymentPostprocessing = 0;
		};
/* End PBXSourcesBuildPhase section */

/* Begin XCBuildConfiguration section */
		F1458D6C2A63F1F600860CD1 /* Debug */ = {
			isa = XCBuildConfiguration;
			buildSettings = {
				ALWAYS_SEARCH_USER_PATHS = NO;
				CLANG_ANALYZER_NONNULL = YES;
				CLANG_ANALYZER_NUMBER_OBJECT_CONVERSION = YES_AGGRESSIVE;
				CLANG_CXX_LANGUAGE_STANDARD = "gnu++20";
				CLANG_ENABLE_MODULES = YES;
				CLANG_ENABLE_OBJC_ARC = YES;
				CLANG_ENABLE_OBJC_WEAK = YES;
				CLANG_WARN_BLOCK_CAPTURE_AUTORELEASING = YES;
				CLANG_WARN_BOOL_CONVERSION = YES;
				CLANG_WARN_COMMA = YES;
				CLANG_WARN_CONSTANT_CONVERSION = YES;
				CLANG_WARN_DEPRECATED_OBJC_IMPLEMENTATIONS = YES;
				CLANG_WARN_DIRECT_OBJC_ISA_USAGE = YES_ERROR;
				CLANG_WARN_DOCUMENTATION_COMMENTS = YES;
				CLANG_WARN_EMPTY_BODY = YES;
				CLANG_WARN_ENUM_CONVERSION = YES;
				CLANG_WARN_INFINITE_RECURSION = YES;
				CLANG_WARN_INT_CONVERSION = YES;
				CLANG_WARN_NON_LITERAL_NULL_CONVERSION = YES;
				CLANG_WARN_OBJC_IMPLICIT_RETAIN_SELF = YES;
				CLANG_WARN_OBJC_LITERAL_CONVERSION = YES;
				CLANG_WARN_OBJC_ROOT_CLASS = YES_ERROR;
				CLANG_WARN_QUOTED_INCLUDE_IN_FRAMEWORK_HEADER = YES;
				CLANG_WARN_RANGE_LOOP_ANALYSIS = YES;
				CLANG_WARN_STRICT_PROTOTYPES = YES;
				CLANG_WARN_SUSPICIOUS_MOVE = YES;
				CLANG_WARN_UNGUARDED_AVAILABILITY = YES_AGGRESSIVE;
				CLANG_WARN_UNREACHABLE_CODE = YES;
				CLANG_WARN__DUPLICATE_METHOD_MATCH = YES;
				COPY_PHASE_STRIP = NO;
				DEBUG_INFORMATION_FORMAT = dwarf;
				ENABLE_STRICT_OBJC_MSGSEND = YES;
				ENABLE_TESTABILITY = YES;
				GCC_C_LANGUAGE_STANDARD = gnu11;
				GCC_DYNAMIC_NO_PIC = NO;
				GCC_NO_COMMON_BLOCKS = YES;
				GCC_OPTIMIZATION_LEVEL = 0;
				GCC_PREPROCESSOR_DEFINITIONS = (
					"DEBUG=1",
					"$(inherited)",
				);
				GCC_WARN_64_TO_32_BIT_CONVERSION = YES;
				GCC_WARN_ABOUT_RETURN_TYPE = YES_ERROR;
				GCC_WARN_UNDECLARED_SELECTOR = YES;
				GCC_WARN_UNINITIALIZED_AUTOS = YES_AGGRESSIVE;
				GCC_WARN_UNUSED_FUNCTION = YES;
				GCC_WARN_UNUSED_VARIABLE = YES;
				IPHONEOS_DEPLOYMENT_TARGET = 16.4;
				MTL_ENABLE_DEBUG_INFO = INCLUDE_SOURCE;
				MTL_FAST_MATH = YES;
				ONLY_ACTIVE_ARCH = YES;
				SDKROOT = iphoneos;
				SWIFT_ACTIVE_COMPILATION_CONDITIONS = DEBUG;
				SWIFT_OPTIMIZATION_LEVEL = "-Onone";
			};
			name = Debug;
		};
		F1458D6D2A63F1F600860CD1 /* Release */ = {
			isa = XCBuildConfiguration;
			buildSettings = {
				ALWAYS_SEARCH_USER_PATHS = NO;
				CLANG_ANALYZER_NONNULL = YES;
				CLANG_ANALYZER_NUMBER_OBJECT_CONVERSION = YES_AGGRESSIVE;
				CLANG_CXX_LANGUAGE_STANDARD = "gnu++20";
				CLANG_ENABLE_MODULES = YES;
				CLANG_ENABLE_OBJC_ARC = YES;
				CLANG_ENABLE_OBJC_WEAK = YES;
				CLANG_WARN_BLOCK_CAPTURE_AUTORELEASING = YES;
				CLANG_WARN_BOOL_CONVERSION = YES;
				CLANG_WARN_COMMA = YES;
				CLANG_WARN_CONSTANT_CONVERSION = YES;
				CLANG_WARN_DEPRECATED_OBJC_IMPLEMENTATIONS = YES;
				CLANG_WARN_DIRECT_OBJC_ISA_USAGE = YES_ERROR;
				CLANG_WARN_DOCUMENTATION_COMMENTS = YES;
				CLANG_WARN_EMPTY_BODY = YES;
				CLANG_WARN_ENUM_CONVERSION = YES;
				CLANG_WARN_INFINITE_RECURSION = YES;
				CLANG_WARN_INT_CONVERSION = YES;
				CLANG_WARN_NON_LITERAL_NULL_CONVERSION = YES;
				CLANG_WARN_OBJC_IMPLICIT_RETAIN_SELF = YES;
				CLANG_WARN_OBJC_LITERAL_CONVERSION = YES;
				CLANG_WARN_OBJC_ROOT_CLASS = YES_ERROR;
				CLANG_WARN_QUOTED_INCLUDE_IN_FRAMEWORK_HEADER = YES;
				CLANG_WARN_RANGE_LOOP_ANALYSIS = YES;
				CLANG_WARN_STRICT_PROTOTYPES = YES;
				CLANG_WARN_SUSPICIOUS_MOVE = YES;
				CLANG_WARN_UNGUARDED_AVAILABILITY = YES_AGGRESSIVE;
				CLANG_WARN_UNREACHABLE_CODE = YES;
				CLANG_WARN__DUPLICATE_METHOD_MATCH = YES;
				COPY_PHASE_STRIP = NO;
				DEBUG_INFORMATION_FORMAT = "dwarf-with-dsym";
				ENABLE_NS_ASSERTIONS = NO;
				ENABLE_STRICT_OBJC_MSGSEND = YES;
				GCC_C_LANGUAGE_STANDARD = gnu11;
				GCC_NO_COMMON_BLOCKS = YES;
				GCC_WARN_64_TO_32_BIT_CONVERSION = YES;
				GCC_WARN_ABOUT_RETURN_TYPE = YES_ERROR;
				GCC_WARN_UNDECLARED_SELECTOR = YES;
				GCC_WARN_UNINITIALIZED_AUTOS = YES_AGGRESSIVE;
				GCC_WARN_UNUSED_FUNCTION = YES;
				GCC_WARN_UNUSED_VARIABLE = YES;
				IPHONEOS_DEPLOYMENT_TARGET = 16.4;
				MTL_ENABLE_DEBUG_INFO = NO;
				MTL_FAST_MATH = YES;
				SDKROOT = iphoneos;
				SWIFT_COMPILATION_MODE = wholemodule;
				SWIFT_OPTIMIZATION_LEVEL = "-O";
				VALIDATE_PRODUCT = YES;
			};
			name = Release;
		};
		F1458D6F2A63F1F600860CD1 /* Debug */ = {
			isa = XCBuildConfiguration;
			buildSettings = {
				ASSETCATALOG_COMPILER_APPICON_NAME = AppIcon;
				ASSETCATALOG_COMPILER_GLOBAL_ACCENT_COLOR_NAME = AccentColor;
				CODE_SIGN_IDENTITY = "Apple Development";
				CODE_SIGN_STYLE = Automatic;
				CURRENT_PROJECT_VERSION = 1;
				DEVELOPMENT_ASSET_PATHS = "\"Avocado/Preview Content\"";
				DEVELOPMENT_TEAM = YK3V28F4JW;
				ENABLE_PREVIEWS = YES;
				GENERATE_INFOPLIST_FILE = YES;
				INFOPLIST_KEY_UIApplicationSceneManifest_Generation = YES;
				INFOPLIST_KEY_UIApplicationSupportsIndirectInputEvents = YES;
				INFOPLIST_KEY_UILaunchScreen_Generation = YES;
				INFOPLIST_KEY_UILaunchStoryboardName = LaunchScreen.storyboard;
				INFOPLIST_KEY_UISupportedInterfaceOrientations = UIInterfaceOrientationPortrait;
				IPHONEOS_DEPLOYMENT_TARGET = 14.0;
				LD_RUNPATH_SEARCH_PATHS = (
					"$(inherited)",
					"@executable_path/Frameworks",
				);
				MARKETING_VERSION = 1.0;
				PRODUCT_BUNDLE_IDENTIFIER = com.development.Avocado;
				PRODUCT_NAME = "$(TARGET_NAME)";
				PROVISIONING_PROFILE_SPECIFIER = "";
				SWIFT_EMIT_LOC_STRINGS = YES;
				SWIFT_VERSION = 5.0;
				TARGETED_DEVICE_FAMILY = "1,2";
			};
			name = Debug;
		};
		F1458D702A63F1F600860CD1 /* Release */ = {
			isa = XCBuildConfiguration;
			buildSettings = {
				ASSETCATALOG_COMPILER_APPICON_NAME = AppIcon;
				ASSETCATALOG_COMPILER_GLOBAL_ACCENT_COLOR_NAME = AccentColor;
				CODE_SIGN_IDENTITY = "Apple Development";
				CODE_SIGN_STYLE = Automatic;
				CURRENT_PROJECT_VERSION = 1;
				DEVELOPMENT_ASSET_PATHS = "\"Avocado/Preview Content\"";
				DEVELOPMENT_TEAM = YK3V28F4JW;
				ENABLE_PREVIEWS = YES;
				GENERATE_INFOPLIST_FILE = YES;
				INFOPLIST_KEY_UIApplicationSceneManifest_Generation = YES;
				INFOPLIST_KEY_UIApplicationSupportsIndirectInputEvents = YES;
				INFOPLIST_KEY_UILaunchScreen_Generation = YES;
				INFOPLIST_KEY_UILaunchStoryboardName = LaunchScreen.storyboard;
				INFOPLIST_KEY_UISupportedInterfaceOrientations = UIInterfaceOrientationPortrait;
				IPHONEOS_DEPLOYMENT_TARGET = 14.0;
				LD_RUNPATH_SEARCH_PATHS = (
					"$(inherited)",
					"@executable_path/Frameworks",
				);
				MARKETING_VERSION = 1.0;
				PRODUCT_BUNDLE_IDENTIFIER = com.development.Avocado;
				PRODUCT_NAME = "$(TARGET_NAME)";
				PROVISIONING_PROFILE_SPECIFIER = "";
				SWIFT_EMIT_LOC_STRINGS = YES;
				SWIFT_VERSION = 5.0;
				TARGETED_DEVICE_FAMILY = "1,2";
			};
			name = Release;
		};
/* End XCBuildConfiguration section */

/* Begin XCConfigurationList section */
		F1458D5B2A63F1F400860CD1 /* Build configuration list for PBXProject "Avocado" */ = {
			isa = XCConfigurationList;
			buildConfigurations = (
				F1458D6C2A63F1F600860CD1 /* Debug */,
				F1458D6D2A63F1F600860CD1 /* Release */,
			);
			defaultConfigurationIsVisible = 0;
			defaultConfigurationName = Release;
		};
		F1458D6E2A63F1F600860CD1 /* Build configuration list for PBXNativeTarget "Avocado" */ = {
			isa = XCConfigurationList;
			buildConfigurations = (
				F1458D6F2A63F1F600860CD1 /* Debug */,
				F1458D702A63F1F600860CD1 /* Release */,
			);
			defaultConfigurationIsVisible = 0;
			defaultConfigurationName = Release;
		};
/* End XCConfigurationList section */
	};
	rootObject = F1458D582A63F1F400860CD1 /* Project object */;
}
